
Microsoft Visual Studio Solution File, Format Version 12.00
# Visual Studio 15
VisualStudioVersion = 15.0.27703.2018
MinimumVisualStudioVersion = 10.0.40219.1
Project("{FAE04EC0-301F-11D3-BF4B-00C04F79EFBC}") = "PDFIndexer", "PDFIndexer\PDFIndexer.csproj", "{F899F8E5-5EF1-40C8-B374-B486018AD803}"
EndProject
Global
	GlobalSection(SolutionConfigurationPlatforms) = preSolution
		Debug|Any CPU = Debug|Any CPU
		Release|Any CPU = Release|Any CPU
	EndGlobalSection
	GlobalSection(ProjectConfigurationPlatforms) = postSolution
		{F899F8E5-5EF1-40C8-B374-B486018AD803}.Debug|Any CPU.ActiveCfg = Debug|Any CPU
		{F899F8E5-5EF1-40C8-B374-B486018AD803}.Debug|Any CPU.Build.0 = Debug|Any CPU
		{F899F8E5-5EF1-40C8-B374-B486018AD803}.Release|Any CPU.ActiveCfg = Release|Any CPU
		{F899F8E5-5EF1-40C8-B374-B486018AD803}.Release|Any CPU.Build.0 = Release|Any CPU
	EndGlobalSection
	GlobalSection(SolutionProperties) = preSolution
		HideSolutionNode = FALSE
	EndGlobalSection
	GlobalSection(ExtensibilityGlobals) = postSolution
		SolutionGuid = {FDADB789-6595-42B4-A906-3769FE437B99}
	EndGlobalSection
EndGlobal
